<?xml version="1.0" encoding="utf-8"?>
<Project ToolsVersion="4.0" xmlns="http://schemas.microsoft.com/developer/msbuild/2003">
  <ItemGroup>
    <Filter Include="Archivos de origen">
      <UniqueIdentifier>{4FC737F1-C7A5-4376-A066-2A32D752A2FF}</UniqueIdentifier>
      <Extensions>cpp;c;cc;cxx;def;odl;idl;hpj;bat;asm;asmx</Extensions>
    </Filter>
    <Filter Include="Archivos de encabezado">
      <UniqueIdentifier>{93995380-89BD-4b04-88EB-625FBE52EBFB}</UniqueIdentifier>
      <Extensions>h;hh;hpp;hxx;hm;inl;inc;ipp;xsd</Extensions>
    </Filter>
    <Filter Include="Archivos de recursos">
      <UniqueIdentifier>{67DA6AB6-F800-4c08-8B7A-83BB121AAD01}</UniqueIdentifier>
      <Extensions>rc;ico;cur;bmp;dlg;rc2;rct;bin;rgs;gif;jpg;jpeg;jpe;resx;tiff;tif;png;wav;mfcribbon-ms</Extensions>
    </Filter>
    <Filter Include="Archivos de encabezado\Components">
      <UniqueIdentifier>{6e61dfe5-f97c-4dc5-a756-246156bd7e67}</UniqueIdentifier>
    </Filter>
    <Filter Include="Archivos de origen\Components">
      <UniqueIdentifier>{fd55ae11-939a-4239-b7cf-fc0dcc397971}</UniqueIdentifier>
    </Filter>
    <Filter Include="Archivos de encabezado\Core">
      <UniqueIdentifier>{86f0dd2c-aafd-41d2-a9a1-8a7449279e2d}</UniqueIdentifier>
    </Filter>
    <Filter Include="Archivos de origen\Graphics">
      <UniqueIdentifier>{d38270f9-9f2d-40ab-abc3-b083a5608227}</UniqueIdentifier>
    </Filter>
    <Filter Include="Archivos de encabezado\Graphics">
      <UniqueIdentifier>{1ef57bc0-57bb-4f56-9d26-637c2d9f596c}</UniqueIdentifier>
    </Filter>
    <Filter Include="Archivos de encabezado\StateMachine">
      <UniqueIdentifier>{f10b8d94-c847-4276-a84a-82a68c0dbec0}</UniqueIdentifier>
    </Filter>
    <Filter Include="Archivos de origen\StateMachine">
      <UniqueIdentifier>{3bec0137-91c0-45e2-8816-e220e8e1d8ae}</UniqueIdentifier>
    </Filter>
    <Filter Include="Archivos de encabezado\GameObjects">
      <UniqueIdentifier>{8b6e77f2-449a-4e3f-8649-bcd8ba0d4c7d}</UniqueIdentifier>
    </Filter>
    <Filter Include="Archivos de origen\GameObjects">
      <UniqueIdentifier>{f8ab1f7b-e8fd-4f9e-a333-f91bf317c299}</UniqueIdentifier>
    </Filter>
    <Filter Include="Archivos de encabezado\Scene">
      <UniqueIdentifier>{2dce42f9-bb32-4932-b8c8-6288dbff8bb3}</UniqueIdentifier>
    </Filter>
    <Filter Include="Archivos de origen\UI">
      <UniqueIdentifier>{5bc37d18-3b38-4ca1-9e2f-225645e6fe4d}</UniqueIdentifier>
    </Filter>
    <Filter Include="Archivos de encabezado\UI">
      <UniqueIdentifier>{8a7a9918-4711-47cf-8129-29888856ed02}</UniqueIdentifier>
    </Filter>
    <Filter Include="Archivos de origen\Core">
      <UniqueIdentifier>{50456495-41a1-49b4-8aa9-efa0b412a9c0}</UniqueIdentifier>
    </Filter>
    <Filter Include="Archivos de origen\Graphics\Scene">
      <UniqueIdentifier>{77c503a7-e48d-4eaf-b2e0-7773ce3b134c}</UniqueIdentifier>
    </Filter>
    <Filter Include="Archivos de encabezado\Components\InputC">
      <UniqueIdentifier>{c5c0a038-c44d-4a34-b961-27597f9df4bc}</UniqueIdentifier>
    </Filter>
    <Filter Include="Archivos de origen\Components\InputC">
      <UniqueIdentifier>{98c30347-1263-40e1-9398-a12c980600fd}</UniqueIdentifier>
    </Filter>
  </ItemGroup>
  <ItemGroup>
    <ClCompile Include="main.cpp">
      <Filter>Archivos de origen</Filter>
    </ClCompile>
    <ClCompile Include="InputComponent.cpp">
      <Filter>Archivos de origen\Components</Filter>
    </ClCompile>
    <ClCompile Include="LogicComponent.cpp">
      <Filter>Archivos de origen\Components</Filter>
    </ClCompile>
    <ClCompile Include="RenderComponent.cpp">
      <Filter>Archivos de origen\Components</Filter>
    </ClCompile>
    <ClCompile Include="Container.cpp">
      <Filter>Archivos de origen\Core</Filter>
    </ClCompile>
    <ClCompile Include="Game.cpp">
      <Filter>Archivos de origen\Core</Filter>
    </ClCompile>
    <ClCompile Include="GameObject.cpp">
      <Filter>Archivos de origen\Core</Filter>
    </ClCompile>
    <ClCompile Include="Observable.cpp">
      <Filter>Archivos de origen\Core</Filter>
    </ClCompile>
    <ClCompile Include="Observer.cpp">
      <Filter>Archivos de origen\Core</Filter>
    </ClCompile>
    <ClCompile Include="Animation.cpp">
      <Filter>Archivos de origen\Components</Filter>
    </ClCompile>
    <ClCompile Include="Animation.cpp">
      <Filter>Archivos de origen</Filter>
    </ClCompile>
    <ClCompile Include="Sprite.cpp">
      <Filter>Archivos de origen\Graphics</Filter>
    </ClCompile>
    <ClCompile Include="Texture.cpp">
      <Filter>Archivos de origen\Graphics</Filter>
    </ClCompile>
    <ClCompile Include="Font.cpp">
      <Filter>Archivos de origen\Graphics</Filter>
    </ClCompile>
    <ClCompile Include="Camera.cpp">
      <Filter>Archivos de origen\Graphics</Filter>
    </ClCompile>
    <ClCompile Include="FollowGameObject.cpp">
      <Filter>Archivos de origen\Components</Filter>
    </ClCompile>
    <ClCompile Include="PhysicObject.cpp">
      <Filter>Archivos de origen\Components</Filter>
    </ClCompile>
    <ClCompile Include="Vector2D.cpp">
      <Filter>Archivos de origen\Core</Filter>
    </ClCompile>
    <ClCompile Include="Vehicle.cpp">
      <Filter>Archivos de origen\GameObjects</Filter>
    </ClCompile>
    <ClCompile Include="SoundManager.cpp">
      <Filter>Archivos de origen\Core</Filter>
    </ClCompile>
    <ClCompile Include="Tile.cpp">
      <Filter>Archivos de origen\Graphics\Scene</Filter>
    </ClCompile>
    <ClCompile Include="TileMap.cpp">
      <Filter>Archivos de origen\Graphics\Scene</Filter>
    </ClCompile>
    <ClCompile Include="Health.cpp">
      <Filter>Archivos de origen\Components</Filter>
    </ClCompile>
    <ClCompile Include="Respawner.cpp">
      <Filter>Archivos de origen\Components</Filter>
    </ClCompile>
    <ClCompile Include="Turret.cpp">
      <Filter>Archivos de origen\GameObjects</Filter>
    </ClCompile>
    <ClCompile Include="ShootComponent.cpp">
      <Filter>Archivos de origen\Components</Filter>
    </ClCompile>
    <ClCompile Include="CursorLC.cpp">
      <Filter>Archivos de origen\Components</Filter>
    </ClCompile>
    <ClCompile Include="LinearSC.cpp">
      <Filter>Archivos de origen\Components</Filter>
    </ClCompile>
    <ClCompile Include="ShootIC.cpp">
      <Filter>Archivos de origen\Components</Filter>
    </ClCompile>
    <ClCompile Include="Proyectile.cpp">
      <Filter>Archivos de origen\GameObjects</Filter>
    </ClCompile>
    <ClCompile Include="Reticule.cpp">
      <Filter>Archivos de origen\GameObjects</Filter>
    </ClCompile>
    <ClCompile Include="ProyectilePool.cpp">
      <Filter>Archivos de origen\Core</Filter>
    </ClCompile>
    <ClCompile Include="SpreadSC.cpp">
      <Filter>Archivos de origen\Components</Filter>
    </ClCompile>
    <ClCompile Include="StaticSC.cpp">
      <Filter>Archivos de origen\Components</Filter>
    </ClCompile>
    <ClCompile Include="AimAtCursorAC.cpp">
      <Filter>Archivos de origen\Components</Filter>
    </ClCompile>
    <ClCompile Include="ReloadInputComponent.cpp">
      <Filter>Archivos de origen\Components</Filter>
    </ClCompile>
    <ClCompile Include="MainMenuState.cpp">
      <Filter>Archivos de origen\StateMachine</Filter>
    </ClCompile>
    <ClCompile Include="HealthDisplay.cpp">
      <Filter>Archivos de origen\UI</Filter>
    </ClCompile>
    <ClCompile Include="UI.cpp">
      <Filter>Archivos de origen\UI</Filter>
    </ClCompile>
    <ClCompile Include="MainState.cpp">
      <Filter>Archivos de origen\StateMachine</Filter>
    </ClCompile>
    <ClCompile Include="MoneyDisplay.cpp">
      <Filter>Archivos de origen\UI</Filter>
    </ClCompile>
    <ClCompile Include="Money.cpp">
      <Filter>Archivos de origen\GameObjects</Filter>
    </ClCompile>
    <ClCompile Include="Text.cpp">
      <Filter>Archivos de origen\Graphics</Filter>
    </ClCompile>
    <ClCompile Include="ChangeWeaponIC.cpp">
      <Filter>Archivos de origen\Components</Filter>
    </ClCompile>
    <ClCompile Include="ReloadingDisplay.cpp">
      <Filter>Archivos de origen\UI</Filter>
    </ClCompile>
    <ClCompile Include="InputMovement.cpp">
      <Filter>Archivos de origen\Components</Filter>
    </ClCompile>
    <ClCompile Include="ControlType.cpp">
      <Filter>Archivos de origen\Components</Filter>
    </ClCompile>
    <ClCompile Include="Car.cpp">
      <Filter>Archivos de origen\GameObjects</Filter>
    </ClCompile>
    <ClCompile Include="Enemy.cpp">
      <Filter>Archivos de origen\GameObjects</Filter>
    </ClCompile>
    <ClCompile Include="GameStateMachine.cpp">
      <Filter>Archivos de origen\StateMachine</Filter>
    </ClCompile>
    <ClCompile Include="AmmoDisplay.cpp">
      <Filter>Archivos de origen\UI</Filter>
    </ClCompile>
    <ClCompile Include="Button.cpp">
      <Filter>Archivos de origen\GameObjects</Filter>
    </ClCompile>
    <ClCompile Include="MouseClickIC.cpp">
      <Filter>Archivos de origen\Components\InputC</Filter>
    </ClCompile>
    <ClCompile Include="FollowMiddlePoint.cpp">
      <Filter>Archivos de origen\Components</Filter>
    </ClCompile>
    <ClCompile Include="ShopState.cpp">
      <Filter>Archivos de origen\StateMachine</Filter>
    </ClCompile>
    <ClCompile Include="CustomContactListener.cpp">
      <Filter>Archivos de origen\Core</Filter>
    </ClCompile>
    <ClCompile Include="Shop.cpp">
      <Filter>Archivos de origen\GameObjects</Filter>
    </ClCompile>
    <ClCompile Include="Trigger.cpp">
      <Filter>Archivos de origen\Core</Filter>
    </ClCompile>
    <ClCompile Include="GasMainMenu.cpp">
      <Filter>Archivos de origen\StateMachine</Filter>
    </ClCompile>
    <ClCompile Include="BounceImC.cpp">
      <Filter>Archivos de origen\Components</Filter>
    </ClCompile>
    <ClCompile Include="EnemyAim.cpp">
      <Filter>Archivos de origen\Components</Filter>
    </ClCompile>
    <ClCompile Include="EnemyShoot.cpp">
      <Filter>Archivos de origen\Components</Filter>
    </ClCompile>
    <ClCompile Include="EnterShopIC.cpp">
      <Filter>Archivos de origen\Components</Filter>
    </ClCompile>
    <ClCompile Include="ExplosiveImC.cpp">
      <Filter>Archivos de origen\Components</Filter>
    </ClCompile>
    <ClCompile Include="IAFollow.cpp">
      <Filter>Archivos de origen\Components</Filter>
    </ClCompile>
    <ClCompile Include="IAMovementBehaviour.cpp">
      <Filter>Archivos de origen\Components</Filter>
    </ClCompile>
    <ClCompile Include="IApatrol.cpp">
      <Filter>Archivos de origen\Components</Filter>
    </ClCompile>
    <ClCompile Include="ImpactComponent.cpp">
      <Filter>Archivos de origen\Components</Filter>
    </ClCompile>
    <ClCompile Include="EnemyManager.cpp">
      <Filter>Archivos de origen\Core</Filter>
    </ClCompile>
    <ClCompile Include="NodeMap.cpp">
      <Filter>Archivos de origen\Core</Filter>
    </ClCompile>
    <ClCompile Include="NodeMapsManager.cpp">
      <Filter>Archivos de origen\Core</Filter>
    </ClCompile>
    <ClCompile Include="GasMainMenu.cpp">
      <Filter>Archivos de origen\StateMachine</Filter>
    </ClCompile>
    <ClCompile Include="TaxiSoundManagerCP.cpp">
      <Filter>Archivos de origen\Core</Filter>
    </ClCompile>
    <ClCompile Include="FuelUpgrade.cpp">
      <Filter>Archivos de origen\GameObjects</Filter>
    </ClCompile>
    <ClCompile Include="GasFillMenu.cpp">
      <Filter>Archivos de origen\StateMachine</Filter>
    </ClCompile>
    <ClCompile Include="DialoguesManager.cpp">
      <Filter>Archivos de origen\UI</Filter>
    </ClCompile>
    <ClCompile Include="DeathState.cpp">
      <Filter>Archivos de origen</Filter>
    </ClCompile>
    <ClCompile Include="FuelUpgrade.cpp">
      <Filter>Archivos de origen</Filter>
    </ClCompile>
    <ClCompile Include="GameManager.cpp">
      <Filter>Archivos de origen</Filter>
    </ClCompile>
    <ClCompile Include="EnemyCountDisplay.cpp">
      <Filter>Archivos de origen</Filter>
    </ClCompile>
    <ClCompile Include="ShopManager.cpp">
      <Filter>Archivos de origen</Filter>
    </ClCompile>
  </ItemGroup>
  <ItemGroup>
    <ClInclude Include="InputComponent.h">
      <Filter>Archivos de encabezado\Components</Filter>
    </ClInclude>
    <ClInclude Include="LogicComponent.h">
      <Filter>Archivos de encabezado\Components</Filter>
    </ClInclude>
    <ClInclude Include="RenderComponent.h">
      <Filter>Archivos de encabezado\Components</Filter>
    </ClInclude>
    <ClInclude Include="Container.h">
      <Filter>Archivos de encabezado\Core</Filter>
    </ClInclude>
    <ClInclude Include="Game.h">
      <Filter>Archivos de encabezado\Core</Filter>
    </ClInclude>
    <ClInclude Include="GameObject.h">
      <Filter>Archivos de encabezado\Core</Filter>
    </ClInclude>
    <ClInclude Include="Observable.h">
      <Filter>Archivos de encabezado\Core</Filter>
    </ClInclude>
    <ClInclude Include="Observer.h">
      <Filter>Archivos de encabezado\Core</Filter>
    </ClInclude>
    <ClInclude Include="Animation.h">
      <Filter>Archivos de encabezado\Components</Filter>
    </ClInclude>
    <ClInclude Include="Animation.h">
      <Filter>Archivos de encabezado</Filter>
    </ClInclude>
    <ClInclude Include="Sprite.h">
      <Filter>Archivos de encabezado\Graphics</Filter>
    </ClInclude>
    <ClInclude Include="Camera.h">
      <Filter>Archivos de encabezado\Graphics</Filter>
    </ClInclude>
    <ClInclude Include="Font.h">
      <Filter>Archivos de encabezado\Graphics</Filter>
    </ClInclude>
    <ClInclude Include="FollowGameObject.h">
      <Filter>Archivos de encabezado\Components</Filter>
    </ClInclude>
    <ClInclude Include="GameStateMachine.h">
      <Filter>Archivos de encabezado\StateMachine</Filter>
    </ClInclude>
    <ClInclude Include="PhysicObject.h">
      <Filter>Archivos de encabezado\Components</Filter>
    </ClInclude>
    <ClInclude Include="CameraType.h">
      <Filter>Archivos de encabezado\Graphics</Filter>
    </ClInclude>
    <ClInclude Include="Vehicle.h">
      <Filter>Archivos de encabezado\GameObjects</Filter>
    </ClInclude>
    <ClInclude Include="Texture.h">
      <Filter>Archivos de encabezado\Graphics</Filter>
    </ClInclude>
    <ClInclude Include="Vector2D.h">
      <Filter>Archivos de encabezado\Core</Filter>
    </ClInclude>
    <ClInclude Include="SoundManager.h">
      <Filter>Archivos de encabezado\Core</Filter>
    </ClInclude>
    <ClInclude Include="Tile.h">
      <Filter>Archivos de encabezado\Scene</Filter>
    </ClInclude>
    <ClInclude Include="TileMap.h">
      <Filter>Archivos de encabezado\Scene</Filter>
    </ClInclude>
    <ClInclude Include="Health.h">
      <Filter>Archivos de encabezado\Components</Filter>
    </ClInclude>
    <ClInclude Include="Events.h">
      <Filter>Archivos de encabezado\Core</Filter>
    </ClInclude>
    <ClInclude Include="Respawner.h">
      <Filter>Archivos de encabezado\Components</Filter>
    </ClInclude>
    <ClInclude Include="Turret.h">
      <Filter>Archivos de encabezado\GameObjects</Filter>
    </ClInclude>
    <ClInclude Include="ShootComponent.h">
      <Filter>Archivos de encabezado\Components</Filter>
    </ClInclude>
    <ClInclude Include="CursorLC.h">
      <Filter>Archivos de encabezado\Components</Filter>
    </ClInclude>
    <ClInclude Include="LinearSC.h">
      <Filter>Archivos de encabezado\Components</Filter>
    </ClInclude>
    <ClInclude Include="Proyectile.h">
      <Filter>Archivos de encabezado\GameObjects</Filter>
    </ClInclude>
    <ClInclude Include="ProyectilePool.h">
      <Filter>Archivos de encabezado\Core</Filter>
    </ClInclude>
    <ClInclude Include="Reticule.h">
      <Filter>Archivos de encabezado\GameObjects</Filter>
    </ClInclude>
    <ClInclude Include="ShootIC.h">
      <Filter>Archivos de encabezado\Components</Filter>
    </ClInclude>
    <ClInclude Include="SpreadSC.h">
      <Filter>Archivos de encabezado\Components</Filter>
    </ClInclude>
    <ClInclude Include="StaticSC.h">
      <Filter>Archivos de encabezado\Components</Filter>
    </ClInclude>
    <ClInclude Include="AimComponent.h">
      <Filter>Archivos de encabezado\Components</Filter>
    </ClInclude>
    <ClInclude Include="AimAtCursorAC.h">
      <Filter>Archivos de encabezado\Components</Filter>
    </ClInclude>
    <ClInclude Include="ReloadInputComponent.h">
      <Filter>Archivos de encabezado\Components</Filter>
    </ClInclude>
    <ClInclude Include="GameState.h">
      <Filter>Archivos de encabezado\StateMachine</Filter>
    </ClInclude>
    <ClInclude Include="MainMenuState.h">
      <Filter>Archivos de encabezado\StateMachine</Filter>
    </ClInclude>
    <ClInclude Include="HealthDisplay.h">
      <Filter>Archivos de encabezado\UI</Filter>
    </ClInclude>
    <ClInclude Include="UI.h">
      <Filter>Archivos de encabezado\UI</Filter>
    </ClInclude>
    <ClInclude Include="MainState.h">
      <Filter>Archivos de encabezado\StateMachine</Filter>
    </ClInclude>
    <ClInclude Include="MoneyDisplay.h">
      <Filter>Archivos de encabezado\UI</Filter>
    </ClInclude>
    <ClInclude Include="Text.h">
      <Filter>Archivos de encabezado\Graphics</Filter>
    </ClInclude>
    <ClInclude Include="Money.h">
      <Filter>Archivos de encabezado\GameObjects</Filter>
    </ClInclude>
    <ClInclude Include="ChangeWeaponIC.h">
      <Filter>Archivos de encabezado\Components</Filter>
    </ClInclude>
    <ClInclude Include="ReloadingDisplay.h">
      <Filter>Archivos de encabezado\UI</Filter>
    </ClInclude>
    <ClInclude Include="InputMovement.h">
      <Filter>Archivos de encabezado\Components</Filter>
    </ClInclude>
    <ClInclude Include="ControlType.h">
      <Filter>Archivos de encabezado\Components</Filter>
    </ClInclude>
    <ClInclude Include="Constants.h">
      <Filter>Archivos de encabezado\Core</Filter>
    </ClInclude>
    <ClInclude Include="Car.h">
      <Filter>Archivos de encabezado\GameObjects</Filter>
    </ClInclude>
    <ClInclude Include="Enemy.h">
      <Filter>Archivos de encabezado\GameObjects</Filter>
    </ClInclude>
    <ClInclude Include="AmmoDisplay.h">
      <Filter>Archivos de encabezado\UI</Filter>
    </ClInclude>
    <ClInclude Include="Button.h">
      <Filter>Archivos de encabezado\GameObjects</Filter>
    </ClInclude>
    <ClInclude Include="MouseClickIC.h">
      <Filter>Archivos de encabezado\Components\InputC</Filter>
    </ClInclude>
    <ClInclude Include="FollowMiddlePoint.h">
      <Filter>Archivos de encabezado\Components</Filter>
    </ClInclude>
    <ClInclude Include="ShopState.h">
      <Filter>Archivos de encabezado\StateMachine</Filter>
    </ClInclude>
    <ClInclude Include="CustomContactListener.h">
      <Filter>Archivos de encabezado\Core</Filter>
    </ClInclude>
    <ClInclude Include="Shop.h">
      <Filter>Archivos de encabezado\GameObjects</Filter>
    </ClInclude>
    <ClInclude Include="Trigger.h">
      <Filter>Archivos de encabezado\Core</Filter>
    </ClInclude>
    <ClInclude Include="GasMainMenu.h">
      <Filter>Archivos de encabezado\StateMachine</Filter>
    </ClInclude>
    <ClInclude Include="BounceImC.h">
      <Filter>Archivos de encabezado\Components</Filter>
    </ClInclude>
    <ClInclude Include="EnemyAim.h">
      <Filter>Archivos de encabezado\Components</Filter>
    </ClInclude>
    <ClInclude Include="EnemyShoot.h">
      <Filter>Archivos de encabezado\Components</Filter>
    </ClInclude>
    <ClInclude Include="EnterShopIC.h">
      <Filter>Archivos de encabezado\Components</Filter>
    </ClInclude>
    <ClInclude Include="ExplosiveImC.h">
      <Filter>Archivos de encabezado\Components</Filter>
    </ClInclude>
    <ClInclude Include="IAFollow.h">
      <Filter>Archivos de encabezado\Components</Filter>
    </ClInclude>
    <ClInclude Include="IAMovementBehaviour.h">
      <Filter>Archivos de encabezado\Components</Filter>
    </ClInclude>
    <ClInclude Include="IApatrol.h">
      <Filter>Archivos de encabezado\Components</Filter>
    </ClInclude>
    <ClInclude Include="ImpactComponent.h">
      <Filter>Archivos de encabezado\Components</Filter>
    </ClInclude>
    <ClInclude Include="EnemyManager.h">
      <Filter>Archivos de encabezado\Core</Filter>
    </ClInclude>
    <ClInclude Include="NodeMap.h">
      <Filter>Archivos de encabezado\Core</Filter>
    </ClInclude>
    <ClInclude Include="NodeMapsManager.h">
      <Filter>Archivos de encabezado\Core</Filter>
    </ClInclude>
    <ClInclude Include="GasMainMenu.h">
      <Filter>Archivos de encabezado\StateMachine</Filter>
    </ClInclude>
    <ClInclude Include="GasFillMenu.h">
      <Filter>Archivos de encabezado\StateMachine</Filter>
    </ClInclude>
    <ClInclude Include="FuelUpgrade.h">
      <Filter>Archivos de encabezado\GameObjects</Filter>
    </ClInclude>
    <ClInclude Include="TaxiSoundManagerCP.h">
      <Filter>Archivos de encabezado\Core</Filter>
    </ClInclude>
    <ClInclude Include="DialoguesManager.h">
      <Filter>Archivos de encabezado\UI</Filter>
    </ClInclude>
    <ClInclude Include="Phrases.h">
      <Filter>Archivos de encabezado\UI</Filter>
    </ClInclude>
    <ClInclude Include="FuelUpgrade.h">
      <Filter>Archivos de encabezado</Filter>
    </ClInclude>
    <ClInclude Include="GameManager.h">
      <Filter>Archivos de encabezado</Filter>
    </ClInclude>
    <ClInclude Include="EnemyCountDisplay.h">
      <Filter>Archivos de encabezado</Filter>
    </ClInclude>
    <ClInclude Include="ShopManager.h">
      <Filter>Archivos de encabezado</Filter>
    </ClInclude>
    <ClInclude Include="DeathState.h">
      <Filter>Archivos de encabezado\StateMachine</Filter>
    </ClInclude>
  </ItemGroup>
</Project>